PODS:
  - Cosmos (18.0.1)
  - MGMapKit (0.1.0):
    - Cosmos (~> 18.0)
    - SDWebImage
  - SDWebImage (4.4.6):
    - SDWebImage/Core (= 4.4.6)
  - SDWebImage/Core (4.4.6)

DEPENDENCIES:
  - MGMapKit (from `../`)

SPEC REPOS:
  https://github.com/cocoapods/specs.git:
    - Cosmos
    - SDWebImage

EXTERNAL SOURCES:
  MGMapKit:
    :path: "../"

SPEC CHECKSUMS:
  Cosmos: 7dfaa3f52584ca5f94ab74b5c2e264019cc9f7f5
  MGMapKit: cc00b97bd5a3cf6220b36b5190a2ad75e72b47aa
  SDWebImage: 3f3f0c02f09798048c47a5ed0a13f17b063572d8

PODFILE CHECKSUM: 063323a01a0dbad3d55b192d2a5a2d1774a56a4e

COCOAPODS: 1.6.1
